{
    "version": 3,
    "terraform_version": "0.11.11",
    "serial": 5,
    "lineage": "bd386b7c-1e00-2961-1cc7-c29f6f293e84",
    "modules": [
        {
            "path": [
                "root"
            ],
            "outputs": {},
            "resources": {
                "azurerm_managed_disk.dataDisk1": {
                    "type": "azurerm_managed_disk",
                    "depends_on": [],
                    "primary": {
                        "id": "/subscriptions/308d5993-7d65-47d9-add0-6b655c6e084d/resourceGroups/RG-LONPSUG1/providers/Microsoft.Compute/disks/vm0001-disk2",
                        "attributes": {
                            "create_option": "Empty",
                            "disk_size_gb": "20",
                            "id": "/subscriptions/308d5993-7d65-47d9-add0-6b655c6e084d/resourceGroups/RG-LONPSUG1/providers/Microsoft.Compute/disks/vm0001-disk2",
                            "location": "westeurope",
                            "name": "vm0001-disk2",
                            "resource_group_name": "RG-LONPSUG1",
                            "storage_account_type": "Standard_LRS",
                            "tags.%": "0",
                            "zones.#": "0"
                        },
                        "meta": {},
                        "tainted": false
                    },
                    "deposed": [],
                    "provider": "provider.azurerm"
                },
                "azurerm_network_interface.networkInterface1": {
                    "type": "azurerm_network_interface",
                    "depends_on": [
                        "azurerm_public_ip.publicIp1",
                        "azurerm_resource_group.resourceGroup1",
                        "azurerm_subnet.lanSubnet"
                    ],
                    "primary": {
                        "id": "/subscriptions/308d5993-7d65-47d9-add0-6b655c6e084d/resourceGroups/RG-LONPSUG2/providers/Microsoft.Network/networkInterfaces/vm0001-nic",
                        "attributes": {
                            "applied_dns_servers.#": "0",
                            "dns_servers.#": "0",
                            "enable_accelerated_networking": "false",
                            "enable_ip_forwarding": "false",
                            "id": "/subscriptions/308d5993-7d65-47d9-add0-6b655c6e084d/resourceGroups/RG-LONPSUG2/providers/Microsoft.Network/networkInterfaces/vm0001-nic",
                            "internal_dns_name_label": "",
                            "internal_fqdn": "",
                            "ip_configuration.#": "1",
                            "ip_configuration.0.application_gateway_backend_address_pools_ids.#": "0",
                            "ip_configuration.0.application_security_group_ids.#": "0",
                            "ip_configuration.0.load_balancer_backend_address_pools_ids.#": "0",
                            "ip_configuration.0.load_balancer_inbound_nat_rules_ids.#": "0",
                            "ip_configuration.0.name": "ipconfig1",
                            "ip_configuration.0.primary": "true",
                            "ip_configuration.0.private_ip_address": "",
                            "ip_configuration.0.private_ip_address_allocation": "dynamic",
                            "ip_configuration.0.private_ip_address_version": "IPv4",
                            "ip_configuration.0.public_ip_address_id": "/subscriptions/308d5993-7d65-47d9-add0-6b655c6e084d/resourceGroups/RG-LONPSUG2/providers/Microsoft.Network/publicIPAddresses/vm0001-pip",
                            "ip_configuration.0.subnet_id": "/subscriptions/308d5993-7d65-47d9-add0-6b655c6e084d/resourceGroups/RG-LONPSUG2/providers/Microsoft.Network/virtualNetworks/VNET0001/subnets/LAN",
                            "location": "westeurope",
                            "mac_address": "00-0D-3A-29-D3-C1",
                            "name": "vm0001-nic",
                            "network_security_group_id": "",
                            "private_ip_address": "10.0.0.4",
                            "private_ip_addresses.#": "1",
                            "private_ip_addresses.0": "10.0.0.4",
                            "resource_group_name": "RG-LONPSUG2",
                            "tags.%": "0",
                            "virtual_machine_id": "/subscriptions/308d5993-7d65-47d9-add0-6b655c6e084d/resourceGroups/RG-LONPSUG2/providers/Microsoft.Compute/virtualMachines/vm0001"
                        },
                        "meta": {},
                        "tainted": false
                    },
                    "deposed": [],
                    "provider": "provider.azurerm"
                },
                "azurerm_network_security_group.networkSecurityGroup1": {
                    "type": "azurerm_network_security_group",
                    "depends_on": [
                        "azurerm_resource_group.resourceGroup1"
                    ],
                    "primary": {
                        "id": "/subscriptions/308d5993-7d65-47d9-add0-6b655c6e084d/resourceGroups/RG-LONPSUG2/providers/Microsoft.Network/networkSecurityGroups/NSG-LAN",
                        "attributes": {
                            "id": "/subscriptions/308d5993-7d65-47d9-add0-6b655c6e084d/resourceGroups/RG-LONPSUG2/providers/Microsoft.Network/networkSecurityGroups/NSG-LAN",
                            "location": "westeurope",
                            "name": "NSG-LAN",
                            "resource_group_name": "RG-LONPSUG2",
                            "security_rule.#": "1",
                            "security_rule.555969090.access": "Allow",
                            "security_rule.555969090.description": "",
                            "security_rule.555969090.destination_address_prefix": "*",
                            "security_rule.555969090.destination_address_prefixes.#": "0",
                            "security_rule.555969090.destination_application_security_group_ids.#": "0",
                            "security_rule.555969090.destination_port_range": "3389",
                            "security_rule.555969090.destination_port_ranges.#": "0",
                            "security_rule.555969090.direction": "Inbound",
                            "security_rule.555969090.name": "AllowRDP",
                            "security_rule.555969090.priority": "100",
                            "security_rule.555969090.protocol": "Tcp",
                            "security_rule.555969090.source_address_prefix": "0.0.0.0/0",
                            "security_rule.555969090.source_address_prefixes.#": "0",
                            "security_rule.555969090.source_application_security_group_ids.#": "0",
                            "security_rule.555969090.source_port_range": "*",
                            "security_rule.555969090.source_port_ranges.#": "0",
                            "tags.%": "0"
                        },
                        "meta": {},
                        "tainted": false
                    },
                    "deposed": [],
                    "provider": "provider.azurerm"
                },
                "azurerm_network_security_rule.networkSecurityGroupRule1": {
                    "type": "azurerm_network_security_rule",
                    "depends_on": [
                        "azurerm_network_security_group.networkSecurityGroup1",
                        "azurerm_resource_group.resourceGroup1"
                    ],
                    "primary": {
                        "id": "/subscriptions/308d5993-7d65-47d9-add0-6b655c6e084d/resourceGroups/RG-LONPSUG2/providers/Microsoft.Network/networkSecurityGroups/NSG-LAN/securityRules/AllowRDP",
                        "attributes": {
                            "access": "Allow",
                            "description": "",
                            "destination_address_prefix": "*",
                            "destination_address_prefixes.#": "0",
                            "destination_application_security_group_ids.#": "0",
                            "destination_port_range": "3389",
                            "destination_port_ranges.#": "0",
                            "direction": "Inbound",
                            "id": "/subscriptions/308d5993-7d65-47d9-add0-6b655c6e084d/resourceGroups/RG-LONPSUG2/providers/Microsoft.Network/networkSecurityGroups/NSG-LAN/securityRules/AllowRDP",
                            "name": "AllowRDP",
                            "network_security_group_name": "NSG-LAN",
                            "priority": "100",
                            "protocol": "Tcp",
                            "resource_group_name": "RG-LONPSUG2",
                            "source_address_prefix": "0.0.0.0/0",
                            "source_address_prefixes.#": "0",
                            "source_application_security_group_ids.#": "0",
                            "source_port_range": "*",
                            "source_port_ranges.#": "0"
                        },
                        "meta": {},
                        "tainted": false
                    },
                    "deposed": [],
                    "provider": "provider.azurerm"
                },
                "azurerm_public_ip.publicIp1": {
                    "type": "azurerm_public_ip",
                    "depends_on": [
                        "azurerm_resource_group.resourceGroup1"
                    ],
                    "primary": {
                        "id": "/subscriptions/308d5993-7d65-47d9-add0-6b655c6e084d/resourceGroups/RG-LONPSUG2/providers/Microsoft.Network/publicIPAddresses/vm0001-pip",
                        "attributes": {
                            "allocation_method": "Static",
                            "id": "/subscriptions/308d5993-7d65-47d9-add0-6b655c6e084d/resourceGroups/RG-LONPSUG2/providers/Microsoft.Network/publicIPAddresses/vm0001-pip",
                            "idle_timeout_in_minutes": "4",
                            "ip_address": "40.68.220.30",
                            "ip_version": "IPv4",
                            "location": "westeurope",
                            "name": "vm0001-pip",
                            "public_ip_address_allocation": "Static",
                            "resource_group_name": "RG-LONPSUG2",
                            "sku": "Basic",
                            "tags.%": "0",
                            "zones.#": "0"
                        },
                        "meta": {},
                        "tainted": false
                    },
                    "deposed": [],
                    "provider": "provider.azurerm"
                },
                "azurerm_resource_group.resourceGroup1": {
                    "type": "azurerm_resource_group",
                    "depends_on": [],
                    "primary": {
                        "id": "/subscriptions/308d5993-7d65-47d9-add0-6b655c6e084d/resourceGroups/RG-LONPSUG2",
                        "attributes": {
                            "id": "/subscriptions/308d5993-7d65-47d9-add0-6b655c6e084d/resourceGroups/RG-LONPSUG2",
                            "location": "westeurope",
                            "name": "RG-LONPSUG2",
                            "tags.%": "0"
                        },
                        "meta": {},
                        "tainted": false
                    },
                    "deposed": [],
                    "provider": "provider.azurerm"
                },
                "azurerm_subnet.lanSubnet": {
                    "type": "azurerm_subnet",
                    "depends_on": [
                        "azurerm_network_security_group.networkSecurityGroup1",
                        "azurerm_resource_group.resourceGroup1",
                        "azurerm_virtual_network.virtualNetwork1"
                    ],
                    "primary": {
                        "id": "/subscriptions/308d5993-7d65-47d9-add0-6b655c6e084d/resourceGroups/RG-LONPSUG2/providers/Microsoft.Network/virtualNetworks/VNET0001/subnets/LAN",
                        "attributes": {
                            "address_prefix": "10.0.0.0/24",
                            "delegation.#": "0",
                            "id": "/subscriptions/308d5993-7d65-47d9-add0-6b655c6e084d/resourceGroups/RG-LONPSUG2/providers/Microsoft.Network/virtualNetworks/VNET0001/subnets/LAN",
                            "ip_configurations.#": "1",
                            "ip_configurations.2168088209": "/subscriptions/308d5993-7d65-47d9-add0-6b655c6e084d/resourceGroups/RG-LONPSUG2/providers/Microsoft.Network/networkInterfaces/vm0001-nic/ipConfigurations/ipconfig1",
                            "name": "LAN",
                            "network_security_group_id": "/subscriptions/308d5993-7d65-47d9-add0-6b655c6e084d/resourceGroups/RG-LONPSUG2/providers/Microsoft.Network/networkSecurityGroups/NSG-LAN",
                            "resource_group_name": "RG-LONPSUG2",
                            "route_table_id": "",
                            "service_endpoints.#": "0",
                            "virtual_network_name": "VNET0001"
                        },
                        "meta": {},
                        "tainted": false
                    },
                    "deposed": [],
                    "provider": "provider.azurerm"
                },
                "azurerm_virtual_network.virtualNetwork1": {
                    "type": "azurerm_virtual_network",
                    "depends_on": [
                        "azurerm_resource_group.resourceGroup1"
                    ],
                    "primary": {
                        "id": "/subscriptions/308d5993-7d65-47d9-add0-6b655c6e084d/resourceGroups/RG-LONPSUG2/providers/Microsoft.Network/virtualNetworks/VNET0001",
                        "attributes": {
                            "address_space.#": "1",
                            "address_space.0": "10.0.0.0/16",
                            "ddos_protection_plan.#": "0",
                            "dns_servers.#": "0",
                            "id": "/subscriptions/308d5993-7d65-47d9-add0-6b655c6e084d/resourceGroups/RG-LONPSUG2/providers/Microsoft.Network/virtualNetworks/VNET0001",
                            "location": "westeurope",
                            "name": "VNET0001",
                            "resource_group_name": "RG-LONPSUG2",
                            "subnet.#": "1",
                            "subnet.1168548866.address_prefix": "10.0.0.0/24",
                            "subnet.1168548866.id": "/subscriptions/308d5993-7d65-47d9-add0-6b655c6e084d/resourceGroups/RG-LONPSUG2/providers/Microsoft.Network/virtualNetworks/VNET0001/subnets/LAN",
                            "subnet.1168548866.name": "LAN",
                            "subnet.1168548866.security_group": "/subscriptions/308d5993-7d65-47d9-add0-6b655c6e084d/resourceGroups/RG-LONPSUG2/providers/Microsoft.Network/networkSecurityGroups/NSG-LAN",
                            "tags.%": "0"
                        },
                        "meta": {},
                        "tainted": false
                    },
                    "deposed": [],
                    "provider": "provider.azurerm"
                }
            },
            "depends_on": []
        }
    ]
}
