{
    "version": 3,
    "terraform_version": "0.11.11",
    "serial": 2,
    "lineage": "bd386b7c-1e00-2961-1cc7-c29f6f293e84",
    "modules": [
        {
            "path": [
                "root"
            ],
            "outputs": {},
            "resources": {
                "azurerm_network_interface.networkInterface1": {
                    "type": "azurerm_network_interface",
                    "depends_on": [
                        "azurerm_public_ip.publicIp1",
                        "azurerm_resource_group.resourceGroup1",
                        "azurerm_subnet.lanSubnet"
                    ],
                    "primary": {
                        "id": "/subscriptions/308d5993-7d65-47d9-add0-6b655c6e084d/resourceGroups/RG-LONPSUG2/providers/Microsoft.Network/networkInterfaces/vm0001-nic",
                        "attributes": {
                            "applied_dns_servers.#": "0",
                            "dns_servers.#": "0",
                            "enable_accelerated_networking": "false",
                            "enable_ip_forwarding": "false",
                            "id": "/subscriptions/308d5993-7d65-47d9-add0-6b655c6e084d/resourceGroups/RG-LONPSUG2/providers/Microsoft.Network/networkInterfaces/vm0001-nic",
                            "internal_dns_name_label": "",
                            "internal_fqdn": "",
                            "ip_configuration.#": "1",
                            "ip_configuration.0.application_gateway_backend_address_pools_ids.#": "0",
                            "ip_configuration.0.application_security_group_ids.#": "0",
                            "ip_configuration.0.load_balancer_backend_address_pools_ids.#": "0",
                            "ip_configuration.0.load_balancer_inbound_nat_rules_ids.#": "0",
                            "ip_configuration.0.name": "ipconfig1",
                            "ip_configuration.0.primary": "true",
                            "ip_configuration.0.private_ip_address": "",
                            "ip_configuration.0.private_ip_address_allocation": "dynamic",
                            "ip_configuration.0.private_ip_address_version": "IPv4",
                            "ip_configuration.0.public_ip_address_id": "/subscriptions/308d5993-7d65-47d9-add0-6b655c6e084d/resourceGroups/RG-LONPSUG2/providers/Microsoft.Network/publicIPAddresses/vm0001-pip",
                            "ip_configuration.0.subnet_id": "/subscriptions/308d5993-7d65-47d9-add0-6b655c6e084d/resourceGroups/RG-LONPSUG2/providers/Microsoft.Network/virtualNetworks/VNET0001/subnets/LAN",
                            "location": "westeurope",
                            "mac_address": "",
                            "name": "vm0001-nic",
                            "network_security_group_id": "",
                            "private_ip_address": "10.0.0.4",
                            "private_ip_addresses.#": "1",
                            "private_ip_addresses.0": "10.0.0.4",
                            "resource_group_name": "RG-LONPSUG2",
                            "tags.%": "0"
                        },
                        "meta": {},
                        "tainted": false
                    },
                    "deposed": [],
                    "provider": "provider.azurerm"
                },
                "azurerm_network_security_group.networkSecurityGroup1": {
                    "type": "azurerm_network_security_group",
                    "depends_on": [
                        "azurerm_resource_group.resourceGroup1"
                    ],
                    "primary": {
                        "id": "/subscriptions/308d5993-7d65-47d9-add0-6b655c6e084d/resourceGroups/RG-LONPSUG2/providers/Microsoft.Network/networkSecurityGroups/NSG-LAN",
                        "attributes": {
                            "id": "/subscriptions/308d5993-7d65-47d9-add0-6b655c6e084d/resourceGroups/RG-LONPSUG2/providers/Microsoft.Network/networkSecurityGroups/NSG-LAN",
                            "location": "westeurope",
                            "name": "NSG-LAN",
                            "resource_group_name": "RG-LONPSUG2",
                            "security_rule.#": "0",
                            "tags.%": "0"
                        },
                        "meta": {},
                        "tainted": false
                    },
                    "deposed": [],
                    "provider": "provider.azurerm"
                },
                "azurerm_network_security_rule.networkSecurityGroupRule1": {
                    "type": "azurerm_network_security_rule",
                    "depends_on": [
                        "azurerm_network_security_group.networkSecurityGroup1",
                        "azurerm_resource_group.resourceGroup1"
                    ],
                    "primary": {
                        "id": "/subscriptions/308d5993-7d65-47d9-add0-6b655c6e084d/resourceGroups/RG-LONPSUG2/providers/Microsoft.Network/networkSecurityGroups/NSG-LAN/securityRules/AllowRDP",
                        "attributes": {
                            "access": "Allow",
                            "description": "",
                            "destination_address_prefix": "*",
                            "destination_address_prefixes.#": "0",
                            "destination_application_security_group_ids.#": "0",
                            "destination_port_range": "3389",
                            "destination_port_ranges.#": "0",
                            "direction": "Inbound",
                            "id": "/subscriptions/308d5993-7d65-47d9-add0-6b655c6e084d/resourceGroups/RG-LONPSUG2/providers/Microsoft.Network/networkSecurityGroups/NSG-LAN/securityRules/AllowRDP",
                            "name": "AllowRDP",
                            "network_security_group_name": "NSG-LAN",
                            "priority": "100",
                            "protocol": "Tcp",
                            "resource_group_name": "RG-LONPSUG2",
                            "source_address_prefix": "0.0.0.0/0",
                            "source_address_prefixes.#": "0",
                            "source_application_security_group_ids.#": "0",
                            "source_port_range": "*",
                            "source_port_ranges.#": "0"
                        },
                        "meta": {},
                        "tainted": false
                    },
                    "deposed": [],
                    "provider": "provider.azurerm"
                },
                "azurerm_public_ip.publicIp1": {
                    "type": "azurerm_public_ip",
                    "depends_on": [
                        "azurerm_resource_group.resourceGroup1"
                    ],
                    "primary": {
                        "id": "/subscriptions/308d5993-7d65-47d9-add0-6b655c6e084d/resourceGroups/RG-LONPSUG2/providers/Microsoft.Network/publicIPAddresses/vm0001-pip",
                        "attributes": {
                            "allocation_method": "Static",
                            "id": "/subscriptions/308d5993-7d65-47d9-add0-6b655c6e084d/resourceGroups/RG-LONPSUG2/providers/Microsoft.Network/publicIPAddresses/vm0001-pip",
                            "idle_timeout_in_minutes": "4",
                            "ip_address": "40.68.220.30",
                            "ip_version": "IPv4",
                            "location": "westeurope",
                            "name": "vm0001-pip",
                            "public_ip_address_allocation": "Static",
                            "resource_group_name": "RG-LONPSUG2",
                            "sku": "Basic",
                            "tags.%": "0",
                            "zones.#": "0"
                        },
                        "meta": {},
                        "tainted": false
                    },
                    "deposed": [],
                    "provider": "provider.azurerm"
                },
                "azurerm_resource_group.resourceGroup1": {
                    "type": "azurerm_resource_group",
                    "depends_on": [],
                    "primary": {
                        "id": "/subscriptions/308d5993-7d65-47d9-add0-6b655c6e084d/resourceGroups/RG-LONPSUG2",
                        "attributes": {
                            "id": "/subscriptions/308d5993-7d65-47d9-add0-6b655c6e084d/resourceGroups/RG-LONPSUG2",
                            "location": "westeurope",
                            "name": "RG-LONPSUG2",
                            "tags.%": "0"
                        },
                        "meta": {},
                        "tainted": false
                    },
                    "deposed": [],
                    "provider": "provider.azurerm"
                },
                "azurerm_subnet.lanSubnet": {
                    "type": "azurerm_subnet",
                    "depends_on": [
                        "azurerm_network_security_group.networkSecurityGroup1",
                        "azurerm_resource_group.resourceGroup1",
                        "azurerm_virtual_network.virtualNetwork1"
                    ],
                    "primary": {
                        "id": "/subscriptions/308d5993-7d65-47d9-add0-6b655c6e084d/resourceGroups/RG-LONPSUG2/providers/Microsoft.Network/virtualNetworks/VNET0001/subnets/LAN",
                        "attributes": {
                            "address_prefix": "10.0.0.0/24",
                            "delegation.#": "0",
                            "id": "/subscriptions/308d5993-7d65-47d9-add0-6b655c6e084d/resourceGroups/RG-LONPSUG2/providers/Microsoft.Network/virtualNetworks/VNET0001/subnets/LAN",
                            "ip_configurations.#": "0",
                            "name": "LAN",
                            "network_security_group_id": "/subscriptions/308d5993-7d65-47d9-add0-6b655c6e084d/resourceGroups/RG-LONPSUG2/providers/Microsoft.Network/networkSecurityGroups/NSG-LAN",
                            "resource_group_name": "RG-LONPSUG2",
                            "route_table_id": "",
                            "service_endpoints.#": "0",
                            "virtual_network_name": "VNET0001"
                        },
                        "meta": {},
                        "tainted": false
                    },
                    "deposed": [],
                    "provider": "provider.azurerm"
                },
                "azurerm_virtual_machine.main": {
                    "type": "azurerm_virtual_machine",
                    "depends_on": [
                        "azurerm_network_interface.networkInterface1",
                        "azurerm_resource_group.resourceGroup1"
                    ],
                    "primary": {
                        "id": "/subscriptions/308d5993-7d65-47d9-add0-6b655c6e084d/resourceGroups/RG-LONPSUG2/providers/Microsoft.Compute/virtualMachines/vm0001",
                        "attributes": {
                            "delete_data_disks_on_termination": "false",
                            "delete_os_disk_on_termination": "false",
                            "id": "/subscriptions/308d5993-7d65-47d9-add0-6b655c6e084d/resourceGroups/RG-LONPSUG2/providers/Microsoft.Compute/virtualMachines/vm0001",
                            "identity.#": "0",
                            "location": "westeurope",
                            "name": "vm0001",
                            "network_interface_ids.#": "1",
                            "network_interface_ids.0": "/subscriptions/308d5993-7d65-47d9-add0-6b655c6e084d/resourceGroups/RG-LONPSUG2/providers/Microsoft.Network/networkInterfaces/vm0001-nic",
                            "os_profile.#": "1",
                            "os_profile.2305794331.admin_password": "",
                            "os_profile.2305794331.admin_username": "MyUserName",
                            "os_profile.2305794331.computer_name": "vm0001",
                            "os_profile.2305794331.custom_data": "",
                            "os_profile_linux_config.#": "0",
                            "os_profile_secrets.#": "0",
                            "os_profile_windows_config.#": "1",
                            "os_profile_windows_config.3143587113.additional_unattend_config.#": "0",
                            "os_profile_windows_config.3143587113.enable_automatic_upgrades": "false",
                            "os_profile_windows_config.3143587113.provision_vm_agent": "true",
                            "os_profile_windows_config.3143587113.timezone": "",
                            "os_profile_windows_config.3143587113.winrm.#": "0",
                            "plan.#": "0",
                            "resource_group_name": "RG-LONPSUG2",
                            "storage_data_disk.#": "0",
                            "storage_image_reference.#": "1",
                            "storage_image_reference.1282627205.id": "",
                            "storage_image_reference.1282627205.offer": "WindowsServer",
                            "storage_image_reference.1282627205.publisher": "MicrosoftWindowsServer",
                            "storage_image_reference.1282627205.sku": "2016-Datacenter-smalldisk",
                            "storage_image_reference.1282627205.version": "latest",
                            "storage_os_disk.#": "1",
                            "storage_os_disk.0.caching": "ReadWrite",
                            "storage_os_disk.0.create_option": "FromImage",
                            "storage_os_disk.0.disk_size_gb": "30",
                            "storage_os_disk.0.image_uri": "",
                            "storage_os_disk.0.managed_disk_id": "/subscriptions/308d5993-7d65-47d9-add0-6b655c6e084d/resourceGroups/RG-LONPSUG2/providers/Microsoft.Compute/disks/vm0001-disk1",
                            "storage_os_disk.0.managed_disk_type": "Standard_LRS",
                            "storage_os_disk.0.name": "vm0001-disk1",
                            "storage_os_disk.0.os_type": "Windows",
                            "storage_os_disk.0.vhd_uri": "",
                            "storage_os_disk.0.write_accelerator_enabled": "false",
                            "tags.%": "0",
                            "vm_size": "Standard_A2_v2",
                            "zones.#": "0"
                        },
                        "meta": {},
                        "tainted": false
                    },
                    "deposed": [],
                    "provider": "provider.azurerm"
                },
                "azurerm_virtual_network.virtualNetwork1": {
                    "type": "azurerm_virtual_network",
                    "depends_on": [
                        "azurerm_resource_group.resourceGroup1"
                    ],
                    "primary": {
                        "id": "/subscriptions/308d5993-7d65-47d9-add0-6b655c6e084d/resourceGroups/RG-LONPSUG2/providers/Microsoft.Network/virtualNetworks/VNET0001",
                        "attributes": {
                            "address_space.#": "1",
                            "address_space.0": "10.0.0.0/16",
                            "ddos_protection_plan.#": "0",
                            "dns_servers.#": "0",
                            "id": "/subscriptions/308d5993-7d65-47d9-add0-6b655c6e084d/resourceGroups/RG-LONPSUG2/providers/Microsoft.Network/virtualNetworks/VNET0001",
                            "location": "westeurope",
                            "name": "VNET0001",
                            "resource_group_name": "RG-LONPSUG2",
                            "subnet.#": "0",
                            "tags.%": "0"
                        },
                        "meta": {},
                        "tainted": false
                    },
                    "deposed": [],
                    "provider": "provider.azurerm"
                }
            },
            "depends_on": []
        }
    ]
}
